// !$*UTF8*$!
{
	archiveVersion = 1;
	classes = {
	};
	objectVersion = 46;
	objects = {

/* Begin PBXBuildFile section */
		8E5006591AA6571500B19FA2 /* AppDelegate.swift in Sources */ = {isa = PBXBuildFile; fileRef = 8E5006581AA6571500B19FA2 /* AppDelegate.swift */; };
		8E50065B1AA6571500B19FA2 /* Images.xcassets in Resources */ = {isa = PBXBuildFile; fileRef = 8E50065A1AA6571500B19FA2 /* Images.xcassets */; };
		8E50065E1AA6571500B19FA2 /* MainMenu.xib in Resources */ = {isa = PBXBuildFile; fileRef = 8E50065C1AA6571500B19FA2 /* MainMenu.xib */; };
		8E5006751AA657BB00B19FA2 /* cats.png in Resources */ = {isa = PBXBuildFile; fileRef = 8E5006741AA657BB00B19FA2 /* cats.png */; };
		8E5006771AA65C6800B19FA2 /* NekoView.swift in Sources */ = {isa = PBXBuildFile; fileRef = 8E5006761AA65C6800B19FA2 /* NekoView.swift */; };
		8E5006791AA66AE800B19FA2 /* NekoController.swift in Sources */ = {isa = PBXBuildFile; fileRef = 8E5006781AA66AE800B19FA2 /* NekoController.swift */; };
/* End PBXBuildFile section */

/* Begin PBXFileReference section */
		8E5006531AA6571500B19FA2 /* Neko.app */ = {isa = PBXFileReference; explicitFileType = wrapper.application; includeInIndex = 0; path = Neko.app; sourceTree = BUILT_PRODUCTS_DIR; };
		8E5006571AA6571500B19FA2 /* Info.plist */ = {isa = PBXFileReference; lastKnownFileType = text.plist.xml; path = Info.plist; sourceTree = "<group>"; };
		8E5006581AA6571500B19FA2 /* AppDelegate.swift */ = {isa = PBXFileReference; lastKnownFileType = sourcecode.swift; path = AppDelegate.swift; sourceTree = "<group>"; };
		8E50065A1AA6571500B19FA2 /* Images.xcassets */ = {isa = PBXFileReference; lastKnownFileType = folder.assetcatalog; path = Images.xcassets; sourceTree = "<group>"; };
		8E50065D1AA6571500B19FA2 /* Base */ = {isa = PBXFileReference; lastKnownFileType = file.xib; name = Base; path = Base.lproj/MainMenu.xib; sourceTree = "<group>"; };
		8E5006741AA657BB00B19FA2 /* cats.png */ = {isa = PBXFileReference; lastKnownFileType = image.png; path = cats.png; sourceTree = "<group>"; };
		8E5006761AA65C6800B19FA2 /* NekoView.swift */ = {isa = PBXFileReference; fileEncoding = 4; lastKnownFileType = sourcecode.swift; path = NekoView.swift; sourceTree = "<group>"; };
		8E5006781AA66AE800B19FA2 /* NekoController.swift */ = {isa = PBXFileReference; fileEncoding = 4; lastKnownFileType = sourcecode.swift; path = NekoController.swift; sourceTree = "<group>"; };
/* End PBXFileReference section */

/* Begin PBXFrameworksBuildPhase section */
		8E5006501AA6571500B19FA2 /* Frameworks */ = {
			isa = PBXFrameworksBuildPhase;
			buildActionMask = 2147483647;
			files = (
			);
			runOnlyForDeploymentPostprocessing = 0;
		};
/* End PBXFrameworksBuildPhase section */

/* Begin PBXGroup section */
		8E50064A1AA6571500B19FA2 = {
			isa = PBXGroup;
			children = (
				8E5006551AA6571500B19FA2 /* Neko */,
				8E5006731AA6579B00B19FA2 /* Resources */,
				8E5006541AA6571500B19FA2 /* Products */,
			);
			sourceTree = "<group>";
		};
		8E5006541AA6571500B19FA2 /* Products */ = {
			isa = PBXGroup;
			children = (
				8E5006531AA6571500B19FA2 /* Neko.app */,
			);
			name = Products;
			sourceTree = "<group>";
		};
		8E5006551AA6571500B19FA2 /* Neko */ = {
			isa = PBXGroup;
			children = (
				8E5006581AA6571500B19FA2 /* AppDelegate.swift */,
				8E5006761AA65C6800B19FA2 /* NekoView.swift */,
				8E5006781AA66AE800B19FA2 /* NekoController.swift */,
				8E5006561AA6571500B19FA2 /* Supporting Files */,
			);
			path = Neko;
			sourceTree = "<group>";
		};
		8E5006561AA6571500B19FA2 /* Supporting Files */ = {
			isa = PBXGroup;
			children = (
				8E50065C1AA6571500B19FA2 /* MainMenu.xib */,
				8E50065A1AA6571500B19FA2 /* Images.xcassets */,
				8E5006571AA6571500B19FA2 /* Info.plist */,
			);
			name = "Supporting Files";
			sourceTree = "<group>";
		};
		8E5006731AA6579B00B19FA2 /* Resources */ = {
			isa = PBXGroup;
			children = (
				8E5006741AA657BB00B19FA2 /* cats.png */,
			);
			name = Resources;
			path = Neko;
			sourceTree = "<group>";
		};
/* End PBXGroup section */

/* Begin PBXNativeTarget section */
		8E5006521AA6571500B19FA2 /* Neko */ = {
			isa = PBXNativeTarget;
			buildConfigurationList = 8E50066D1AA6571500B19FA2 /* Build configuration list for PBXNativeTarget "Neko" */;
			buildPhases = (
				8E50064F1AA6571500B19FA2 /* Sources */,
				8E5006501AA6571500B19FA2 /* Frameworks */,
				8E5006511AA6571500B19FA2 /* Resources */,
			);
			buildRules = (
			);
			dependencies = (
			);
			name = Neko;
			productName = Neko;
			productReference = 8E5006531AA6571500B19FA2 /* Neko.app */;
			productType = "com.apple.product-type.application";
		};
/* End PBXNativeTarget section */

/* Begin PBXProject section */
		8E50064B1AA6571500B19FA2 /* Project object */ = {
			isa = PBXProject;
			attributes = {
				LastUpgradeCheck = 0630;
				ORGANIZATIONNAME = "logic-dream";
				TargetAttributes = {
					8E5006521AA6571500B19FA2 = {
						CreatedOnToolsVersion = 6.3;
					};
				};
			};
			buildConfigurationList = 8E50064E1AA6571500B19FA2 /* Build configuration list for PBXProject "Neko" */;
			compatibilityVersion = "Xcode 3.2";
			developmentRegion = English;
			hasScannedForEncodings = 0;
			knownRegions = (
				en,
				Base,
			);
			mainGroup = 8E50064A1AA6571500B19FA2;
			productRefGroup = 8E5006541AA6571500B19FA2 /* Products */;
			projectDirPath = "";
			projectRoot = "";
			targets = (
				8E5006521AA6571500B19FA2 /* Neko */,
			);
		};
/* End PBXProject section */

/* Begin PBXResourcesBuildPhase section */
		8E5006511AA6571500B19FA2 /* Resources */ = {
			isa = PBXResourcesBuildPhase;
			buildActionMask = 2147483647;
			files = (
				8E50065B1AA6571500B19FA2 /* Images.xcassets in Resources */,
				8E50065E1AA6571500B19FA2 /* MainMenu.xib in Resources */,
				8E5006751AA657BB00B19FA2 /* cats.png in Resources */,
			);
			runOnlyForDeploymentPostprocessing = 0;
		};
/* End PBXResourcesBuildPhase section */

/* Begin PBXSourcesBuildPhase section */
		8E50064F1AA6571500B19FA2 /* Sources */ = {
			isa = PBXSourcesBuildPhase;
			buildActionMask = 2147483647;
			files = (
				8E5006591AA6571500B19FA2 /* AppDelegate.swift in Sources */,
				8E5006791AA66AE800B19FA2 /* NekoController.swift in Sources */,
				8E5006771AA65C6800B19FA2 /* NekoView.swift in Sources */,
			);
			runOnlyForDeploymentPostprocessing = 0;
		};
/* End PBXSourcesBuildPhase section */

/* Begin PBXVariantGroup section */
		8E50065C1AA6571500B19FA2 /* MainMenu.xib */ = {
			isa = PBXVariantGroup;
			children = (
				8E50065D1AA6571500B19FA2 /* Base */,
			);
			name = MainMenu.xib;
			sourceTree = "<group>";
		};
/* End PBXVariantGroup section */

/* Begin XCBuildConfiguration section */
		8E50066B1AA6571500B19FA2 /* Debug */ = {
			isa = XCBuildConfiguration;
			buildSettings = {
				ALWAYS_SEARCH_USER_PATHS = NO;
				CLANG_CXX_LANGUAGE_STANDARD = "gnu++0x";
				CLANG_CXX_LIBRARY = "libc++";
				CLANG_ENABLE_MODULES = YES;
				CLANG_ENABLE_OBJC_ARC = YES;
				CLANG_WARN_BOOL_CONVERSION = YES;
				CLANG_WARN_CONSTANT_CONVERSION = YES;
				CLANG_WARN_DIRECT_OBJC_ISA_USAGE = YES_ERROR;
				CLANG_WARN_EMPTY_BODY = YES;
				CLANG_WARN_ENUM_CONVERSION = YES;
				CLANG_WARN_INT_CONVERSION = YES;
				CLANG_WARN_OBJC_ROOT_CLASS = YES_ERROR;
				CLANG_WARN_UNREACHABLE_CODE = YES;
				CLANG_WARN__DUPLICATE_METHOD_MATCH = YES;
				CODE_SIGN_IDENTITY = "-";
				COPY_PHASE_STRIP = NO;
				DEBUG_INFORMATION_FORMAT = dwarf;
				ENABLE_STRICT_OBJC_MSGSEND = YES;
				GCC_C_LANGUAGE_STANDARD = gnu99;
				GCC_DYNAMIC_NO_PIC = NO;
				GCC_NO_COMMON_BLOCKS = YES;
				GCC_OPTIMIZATION_LEVEL = 0;
				GCC_PREPROCESSOR_DEFINITIONS = (
					"DEBUG=1",
					"$(inherited)",
				);
				GCC_SYMBOLS_PRIVATE_EXTERN = NO;
				GCC_WARN_64_TO_32_BIT_CONVERSION = YES;
				GCC_WARN_ABOUT_RETURN_TYPE = YES_ERROR;
				GCC_WARN_UNDECLARED_SELECTOR = YES;
				GCC_WARN_UNINITIALIZED_AUTOS = YES_AGGRESSIVE;
				GCC_WARN_UNUSED_FUNCTION = YES;
				GCC_WARN_UNUSED_VARIABLE = YES;
				MACOSX_DEPLOYMENT_TARGET = 10.10;
				MTL_ENABLE_DEBUG_INFO = YES;
				ONLY_ACTIVE_ARCH = YES;
				SDKROOT = macosx;
				SWIFT_OPTIMIZATION_LEVEL = "-Onone";
			};
			name = Debug;
		};
		8E50066C1AA6571500B19FA2 /* Release */ = {
			isa = XCBuildConfiguration;
			buildSettings = {
				ALWAYS_SEARCH_USER_PATHS = NO;
				CLANG_CXX_LANGUAGE_STANDARD = "gnu++0x";
				CLANG_CXX_LIBRARY = "libc++";
				CLANG_ENABLE_MODULES = YES;
				CLANG_ENABLE_OBJC_ARC = YES;
				CLANG_WARN_BOOL_CONVERSION = YES;
				CLANG_WARN_CONSTANT_CONVERSION = YES;
				CLANG_WARN_DIRECT_OBJC_ISA_USAGE = YES_ERROR;
				CLANG_WARN_EMPTY_BODY = YES;
				CLANG_WARN_ENUM_CONVERSION = YES;
				CLANG_WARN_INT_CONVERSION = YES;
				CLANG_WARN_OBJC_ROOT_CLASS = YES_ERROR;
				CLANG_WARN_UNREACHABLE_CODE = YES;
				CLANG_WARN__DUPLICATE_METHOD_MATCH = YES;
				CODE_SIGN_IDENTITY = "-";
				COPY_PHASE_STRIP = NO;
				DEBUG_INFORMATION_FORMAT = "dwarf-with-dsym";
				ENABLE_NS_ASSERTIONS = NO;
				ENABLE_STRICT_OBJC_MSGSEND = YES;
				GCC_C_LANGUAGE_STANDARD = gnu99;
				GCC_NO_COMMON_BLOCKS = YES;
				GCC_WARN_64_TO_32_BIT_CONVERSION = YES;
				GCC_WARN_ABOUT_RETURN_TYPE = YES_ERROR;
				GCC_WARN_UNDECLARED_SELECTOR = YES;
				GCC_WARN_UNINITIALIZED_AUTOS = YES_AGGRESSIVE;
				GCC_WARN_UNUSED_FUNCTION = YES;
				GCC_WARN_UNUSED_VARIABLE = YES;
				MACOSX_DEPLOYMENT_TARGET = 10.10;
				MTL_ENABLE_DEBUG_INFO = NO;
				SDKROOT = macosx;
			};
			name = Release;
		};
		8E50066E1AA6571500B19FA2 /* Debug */ = {
			isa = XCBuildConfiguration;
			buildSettings = {
				ASSETCATALOG_COMPILER_APPICON_NAME = AppIcon;
				COMBINE_HIDPI_IMAGES = YES;
				INFOPLIST_FILE = Neko/Info.plist;
				LD_RUNPATH_SEARCH_PATHS = "$(inherited) @executable_path/../Frameworks";
				PRODUCT_NAME = "$(TARGET_NAME)";
			};
			name = Debug;
		};
		8E50066F1AA6571500B19FA2 /* Release */ = {
			isa = XCBuildConfiguration;
			buildSettings = {
				ASSETCATALOG_COMPILER_APPICON_NAME = AppIcon;
				COMBINE_HIDPI_IMAGES = YES;
				INFOPLIST_FILE = Neko/Info.plist;
				LD_RUNPATH_SEARCH_PATHS = "$(inherited) @executable_path/../Frameworks";
				PRODUCT_NAME = "$(TARGET_NAME)";
			};
			name = Release;
		};
/* End XCBuildConfiguration section */

/* Begin XCConfigurationList section */
		8E50064E1AA6571500B19FA2 /* Build configuration list for PBXProject "Neko" */ = {
			isa = XCConfigurationList;
			buildConfigurations = (
				8E50066B1AA6571500B19FA2 /* Debug */,
				8E50066C1AA6571500B19FA2 /* Release */,
			);
			defaultConfigurationIsVisible = 0;
			defaultConfigurationName = Release;
		};
		8E50066D1AA6571500B19FA2 /* Build configuration list for PBXNativeTarget "Neko" */ = {
			isa = XCConfigurationList;
			buildConfigurations = (
				8E50066E1AA6571500B19FA2 /* Debug */,
				8E50066F1AA6571500B19FA2 /* Release */,
			);
			defaultConfigurationIsVisible = 0;
			defaultConfigurationName = Release;
		};
/* End XCConfigurationList section */
	};
	rootObject = 8E50064B1AA6571500B19FA2 /* Project object */;
}
